PODS:
  - Alamofire (4.8.0)
  - AlamofireImage (3.5.0):
    - Alamofire (~> 4.8)
  - AlamofireObjectMapper (5.2.0):
    - Alamofire (~> 4.7)
    - ObjectMapper (~> 3.4)
  - ObjectMapper (3.4.2)
  - SwiftyJSON (4.2.0)

DEPENDENCIES:
  - Alamofire (= 4.8.0)
  - AlamofireImage (= 3.5.0)
  - AlamofireObjectMapper (= 5.2.0)
  - ObjectMapper (= 3.4.2)
  - SwiftyJSON (= 4.2.0)

SPEC REPOS:
  trunk:
    - Alamofire
    - AlamofireImage
    - AlamofireObjectMapper
    - ObjectMapper
    - SwiftyJSON

SPEC CHECKSUMS:
  Alamofire: 3ec537f71edc9804815215393ae2b1a8ea33a844
  AlamofireImage: 1aea346f4dda2f6c67622fa5a89fcbb80d79cc16
  AlamofireObjectMapper: 92b6ce2423a9d159e686f6a1d514a009bf903ddc
  ObjectMapper: 0d4402610f4e468903ae64629eec4784531e5c51
  SwiftyJSON: c4bcba26dd9ec7a027fc8eade48e2c911f229e96

PODFILE CHECKSUM: 6f97c3688951334a3a299c2024291c0c43a4def1

COCOAPODS: 1.10.1
